# This file is autogenerated, do not edit; changes may be undone by the next 'dep ensure'.


[[projects]]
  digest = "1:c5dd1795b705373c021f3dddad4873fcefd8f2d0e61273fa8db29d698d214cbd"
  name = "github.com/bryk-io/x"
  packages = ["crypto/tred"]
  pruneopts = "NUT"
  revision = "e921e2ebd60460fcf3bb784af20b0a9909a479d0"

[[projects]]
  digest = "1:40a1cbb226e60770882b41e5b8e7f5c38426399c602fe75618de717e70dcb871"
  name = "github.com/cheggaaa/pb"
  packages = ["."]
  pruneopts = "NUT"
  revision = "2af8bbdea9e99e83b3ac400d8f6b6d1b8cbbf338"
  version = "v1.0.25"

[[projects]]
  digest = "1:c970218a20933dd0a2eb2006de922217fa9276f57d25009b2a934eb1c50031cc"
  name = "github.com/fsnotify/fsnotify"
  packages = ["."]
  pruneopts = "NUT"
  revision = "629574ca2a5df945712d3079857300b5e4da0236"
  version = "v1.4.2"

[[projects]]
  branch = "master"
  digest = "1:e4b857b457eeb3e7fd4f996fc0058eb414a2f40fdba73b51365369b19e28b6a8"
  name = "github.com/hashicorp/hcl"
  packages = [
    ".",
    "hcl/ast",
    "hcl/parser",
    "hcl/scanner",
    "hcl/strconv",
    "hcl/token",
    "json/parser",
    "json/scanner",
    "json/token",
  ]
  pruneopts = "NUT"
  revision = "23c074d0eceb2b8a5bfdbb271ab780cde70f05a8"

[[projects]]
  digest = "1:406338ad39ab2e37b7f4452906442a3dbf0eb3379dd1f06aafb5c07e769a5fbb"
  name = "github.com/inconshreveable/mousetrap"
  packages = ["."]
  pruneopts = "NUT"
  revision = "76626ae9c91c4f2a10f34cad8ce83ea42c93bb75"
  version = "v1.0"

[[projects]]
  digest = "1:6540c20407c0637773dc6ccfdb9a6790b59d629fb38fa81a0c363e41af4c4c03"
  name = "github.com/magiconair/properties"
  packages = ["."]
  pruneopts = "NUT"
  revision = "d419a98cdbed11a922bf76f257b7c4be79b50e73"
  version = "v1.7.4"

[[projects]]
  digest = "1:cb591533458f6eb6e2c1065ff3eac6b50263d7847deb23fc9f79b25bc608970e"
  name = "github.com/mattn/go-runewidth"
  packages = ["."]
  pruneopts = "NUT"
  revision = "9e777a8366cce605130a531d2cd6363d07ad7317"
  version = "v0.0.2"

[[projects]]
  branch = "master"
  digest = "1:8108ffa4a49c79e05952f1a9f5bd410a3d15b30b282a30f6cca73085cc133640"
  name = "github.com/mitchellh/mapstructure"
  packages = ["."]
  pruneopts = "NUT"
  revision = "06020f85339e21b2478f756a78e295255ffa4d6a"

[[projects]]
  digest = "1:84b6c3d03118e04267f3c57d34f0ae8a885e5486b127935b87e3499cea3f180a"
  name = "github.com/pelletier/go-toml"
  packages = ["."]
  pruneopts = "NUT"
  revision = "16398bac157da96aa88f98a2df640c7f32af1da2"
  version = "v1.0.1"

[[projects]]
  digest = "1:0d70838fa3fb6e71d0988e53570766e87b60eba598be3098f024692813d898ef"
  name = "github.com/spf13/afero"
  packages = [
    ".",
    "mem",
  ]
  pruneopts = "NUT"
  revision = "8d919cbe7e2627e417f3e45c3c0e489a5b7e2536"
  version = "v1.0.0"

[[projects]]
  digest = "1:2139901f05c6c9b5d9e5a61d473b9253fff1820562136b0adb802bfee2e0a462"
  name = "github.com/spf13/cast"
  packages = ["."]
  pruneopts = "NUT"
  revision = "acbeb36b902d72a7a4c18e8f3241075e7ab763e4"
  version = "v1.1.0"

[[projects]]
  digest = "1:4f09996e1ec8589cb383db8245839dbfc878344da6e7e3bcca6b9f7fda244a87"
  name = "github.com/spf13/cobra"
  packages = ["."]
  pruneopts = "NUT"
  revision = "7b2c5ac9fc04fc5efafb60700713d4fa609b777b"
  version = "v0.0.1"

[[projects]]
  branch = "master"
  digest = "1:f29f83301ed096daed24a90f4af591b7560cb14b9cc3e1827abbf04db7269ab5"
  name = "github.com/spf13/jwalterweatherman"
  packages = ["."]
  pruneopts = "NUT"
  revision = "12bd96e66386c1960ab0f74ced1362f66f552f7b"

[[projects]]
  digest = "1:3ab855aa584d08db6541ce99dad60c12bd6a328ecb8a7358363887f85c976347"
  name = "github.com/spf13/pflag"
  packages = ["."]
  pruneopts = "NUT"
  revision = "e57e3eeb33f795204c1ca35f56c44f83227c6e66"
  version = "v1.0.0"

[[projects]]
  digest = "1:242e0ec8a8fd3af50454fb1f90eafd5af073ea7f458e9bbbada0bc08bfbcef57"
  name = "github.com/spf13/viper"
  packages = ["."]
  pruneopts = "NUT"
  revision = "25b30aa063fc18e48662b86996252eabdcf2f0c7"
  version = "v1.0.0"

[[projects]]
  branch = "master"
  digest = "1:7de4235489088c7304de841ab188c6ec22f20733f34ab6d62f1f8ddb706fb787"
  name = "golang.org/x/crypto"
  packages = [
    "chacha20poly1305",
    "chacha20poly1305/internal/chacha20",
    "hkdf",
    "poly1305",
    "sha3",
    "ssh/terminal",
  ]
  pruneopts = "NUT"
  revision = "94eea52f7b742c7cbe0b03b22f0c4c8631ece122"

[[projects]]
  branch = "master"
  digest = "1:16d25e518815ebd6b2c0927075a78025f0e6bab109d3ef706bebab03c0ba0ff6"
  name = "golang.org/x/sys"
  packages = [
    "unix",
    "windows",
  ]
  pruneopts = "NUT"
  revision = "d5840adf789d732bc8b00f37b26ca956a7cc8e79"

[[projects]]
  branch = "master"
  digest = "1:8029e9743749d4be5bc9f7d42ea1659471767860f0cdc34d37c3111bd308a295"
  name = "golang.org/x/text"
  packages = [
    "internal/gen",
    "internal/triegen",
    "internal/ucd",
    "transform",
    "unicode/cldr",
    "unicode/norm",
  ]
  pruneopts = "NUT"
  revision = "73f72487b7d8a81970fbf571cd9b660d3d5e604c"

[[projects]]
  branch = "v2"
  digest = "1:8c53ce78f10de538c37a5fb33148f81ce068a0b25bec08d8521212e0c0b5f7bd"
  name = "gopkg.in/yaml.v2"
  packages = ["."]
  pruneopts = "NUT"
  revision = "287cf08546ab5e7e37d55a84f7ed3fd1db036de5"

[solve-meta]
  analyzer-name = "dep"
  analyzer-version = 1
  input-imports = [
    "github.com/bryk-io/x/crypto/tred",
    "github.com/cheggaaa/pb",
    "github.com/spf13/cobra",
    "github.com/spf13/viper",
    "golang.org/x/crypto/ssh/terminal",
  ]
  solver-name = "gps-cdcl"
  solver-version = 1
